
Microsoft Visual Studio Solution File, Format Version 11.00
# Visual Studio 2010
Project("{FAE04EC0-301F-11D3-BF4B-00C04F79EFBC}") = "gtk05", "gtk05\gtk05.csproj", "{BB3EC5EA-2C1B-42E4-9CF9-01C0FE70F1E5}"
EndProject
Global
	GlobalSection(SolutionConfigurationPlatforms) = preSolution
		Debug|x86 = Debug|x86
		Release|x86 = Release|x86
	EndGlobalSection
	GlobalSection(ProjectConfigurationPlatforms) = postSolution
		{BB3EC5EA-2C1B-42E4-9CF9-01C0FE70F1E5}.Debug|x86.ActiveCfg = Debug|x86
		{BB3EC5EA-2C1B-42E4-9CF9-01C0FE70F1E5}.Debug|x86.Build.0 = Debug|x86
		{BB3EC5EA-2C1B-42E4-9CF9-01C0FE70F1E5}.Release|x86.ActiveCfg = Release|x86
		{BB3EC5EA-2C1B-42E4-9CF9-01C0FE70F1E5}.Release|x86.Build.0 = Release|x86
	EndGlobalSection
	GlobalSection(MonoDevelopProperties) = preSolution
		StartupItem = gtk05\gtk05.csproj
	EndGlobalSection
EndGlobal
